
Microsoft Visual Studio Solution File, Format Version 12.00
# Visual Studio Version 16
VisualStudioVersion = 16.0.28902.138
MinimumVisualStudioVersion = 10.0.40219.1
Project("{FAE04EC0-301F-11D3-BF4B-00C04F79EFBC}") = "Ejercicio 22", "Ejercicio 22\Ejercicio 22.csproj", "{D5BC315F-1FC5-45F3-9898-4829775FD817}"
EndProject
Global
	GlobalSection(SolutionConfigurationPlatforms) = preSolution
		Debug|Any CPU = Debug|Any CPU
		Release|Any CPU = Release|Any CPU
	EndGlobalSection
	GlobalSection(ProjectConfigurationPlatforms) = postSolution
		{D5BC315F-1FC5-45F3-9898-4829775FD817}.Debug|Any CPU.ActiveCfg = Debug|Any CPU
		{D5BC315F-1FC5-45F3-9898-4829775FD817}.Debug|Any CPU.Build.0 = Debug|Any CPU
		{D5BC315F-1FC5-45F3-9898-4829775FD817}.Release|Any CPU.ActiveCfg = Release|Any CPU
		{D5BC315F-1FC5-45F3-9898-4829775FD817}.Release|Any CPU.Build.0 = Release|Any CPU
	EndGlobalSection
	GlobalSection(SolutionProperties) = preSolution
		HideSolutionNode = FALSE
	EndGlobalSection
	GlobalSection(ExtensibilityGlobals) = postSolution
		SolutionGuid = {6D40D6A3-7AC6-4EF7-AFFD-FB6949285E12}
	EndGlobalSection
EndGlobal
