
Microsoft Visual Studio Solution File, Format Version 12.00
# Visual Studio 15
VisualStudioVersion = 15.0.28307.572
MinimumVisualStudioVersion = 10.0.40219.1
Project("{FAE04EC0-301F-11D3-BF4B-00C04F79EFBC}") = "numero_57", "numero_57\numero_57.csproj", "{AA208A9C-752E-4CB3-860A-852C9CA287CC}"
EndProject
Global
	GlobalSection(SolutionConfigurationPlatforms) = preSolution
		Debug|Any CPU = Debug|Any CPU
		Release|Any CPU = Release|Any CPU
	EndGlobalSection
	GlobalSection(ProjectConfigurationPlatforms) = postSolution
		{AA208A9C-752E-4CB3-860A-852C9CA287CC}.Debug|Any CPU.ActiveCfg = Debug|Any CPU
		{AA208A9C-752E-4CB3-860A-852C9CA287CC}.Debug|Any CPU.Build.0 = Debug|Any CPU
		{AA208A9C-752E-4CB3-860A-852C9CA287CC}.Release|Any CPU.ActiveCfg = Release|Any CPU
		{AA208A9C-752E-4CB3-860A-852C9CA287CC}.Release|Any CPU.Build.0 = Release|Any CPU
	EndGlobalSection
	GlobalSection(SolutionProperties) = preSolution
		HideSolutionNode = FALSE
	EndGlobalSection
	GlobalSection(ExtensibilityGlobals) = postSolution
		SolutionGuid = {93A6B058-0BFE-4FA9-A92B-AD4D4D77D671}
	EndGlobalSection
EndGlobal
