
Microsoft Visual Studio Solution File, Format Version 12.00
# Visual Studio 15
VisualStudioVersion = 15.0.28307.572
MinimumVisualStudioVersion = 10.0.40219.1
Project("{FAE04EC0-301F-11D3-BF4B-00C04F79EFBC}") = "numero_44", "numero_44\numero_44.csproj", "{513CC5F2-F3A9-45B6-A3EF-F3AAB54506FF}"
EndProject
Global
	GlobalSection(SolutionConfigurationPlatforms) = preSolution
		Debug|Any CPU = Debug|Any CPU
		Release|Any CPU = Release|Any CPU
	EndGlobalSection
	GlobalSection(ProjectConfigurationPlatforms) = postSolution
		{513CC5F2-F3A9-45B6-A3EF-F3AAB54506FF}.Debug|Any CPU.ActiveCfg = Debug|Any CPU
		{513CC5F2-F3A9-45B6-A3EF-F3AAB54506FF}.Debug|Any CPU.Build.0 = Debug|Any CPU
		{513CC5F2-F3A9-45B6-A3EF-F3AAB54506FF}.Release|Any CPU.ActiveCfg = Release|Any CPU
		{513CC5F2-F3A9-45B6-A3EF-F3AAB54506FF}.Release|Any CPU.Build.0 = Release|Any CPU
	EndGlobalSection
	GlobalSection(SolutionProperties) = preSolution
		HideSolutionNode = FALSE
	EndGlobalSection
	GlobalSection(ExtensibilityGlobals) = postSolution
		SolutionGuid = {413505E3-910C-4375-B0F1-7F67BCBE3336}
	EndGlobalSection
EndGlobal
