
Microsoft Visual Studio Solution File, Format Version 12.00
# Visual Studio 15
VisualStudioVersion = 15.0.28307.572
MinimumVisualStudioVersion = 10.0.40219.1
Project("{FAE04EC0-301F-11D3-BF4B-00C04F79EFBC}") = "numero_55", "numero_55\numero_55.csproj", "{7DF90FD5-AC4F-4DD6-8A5F-B93306227ACD}"
EndProject
Global
	GlobalSection(SolutionConfigurationPlatforms) = preSolution
		Debug|Any CPU = Debug|Any CPU
		Release|Any CPU = Release|Any CPU
	EndGlobalSection
	GlobalSection(ProjectConfigurationPlatforms) = postSolution
		{7DF90FD5-AC4F-4DD6-8A5F-B93306227ACD}.Debug|Any CPU.ActiveCfg = Debug|Any CPU
		{7DF90FD5-AC4F-4DD6-8A5F-B93306227ACD}.Debug|Any CPU.Build.0 = Debug|Any CPU
		{7DF90FD5-AC4F-4DD6-8A5F-B93306227ACD}.Release|Any CPU.ActiveCfg = Release|Any CPU
		{7DF90FD5-AC4F-4DD6-8A5F-B93306227ACD}.Release|Any CPU.Build.0 = Release|Any CPU
	EndGlobalSection
	GlobalSection(SolutionProperties) = preSolution
		HideSolutionNode = FALSE
	EndGlobalSection
	GlobalSection(ExtensibilityGlobals) = postSolution
		SolutionGuid = {6313AB9E-5DFA-4053-9DB9-43BC6F908109}
	EndGlobalSection
EndGlobal
