
Microsoft Visual Studio Solution File, Format Version 12.00
# Visual Studio Version 16
VisualStudioVersion = 16.0.28902.138
MinimumVisualStudioVersion = 10.0.40219.1
Project("{FAE04EC0-301F-11D3-BF4B-00C04F79EFBC}") = "ejercicio 25", "ejercicio 25.csproj", "{328406B1-4B5C-4A1E-97C0-21461B54577D}"
EndProject
Global
	GlobalSection(SolutionConfigurationPlatforms) = preSolution
		Debug|Any CPU = Debug|Any CPU
		Release|Any CPU = Release|Any CPU
	EndGlobalSection
	GlobalSection(ProjectConfigurationPlatforms) = postSolution
		{328406B1-4B5C-4A1E-97C0-21461B54577D}.Debug|Any CPU.ActiveCfg = Debug|Any CPU
		{328406B1-4B5C-4A1E-97C0-21461B54577D}.Debug|Any CPU.Build.0 = Debug|Any CPU
		{328406B1-4B5C-4A1E-97C0-21461B54577D}.Release|Any CPU.ActiveCfg = Release|Any CPU
		{328406B1-4B5C-4A1E-97C0-21461B54577D}.Release|Any CPU.Build.0 = Release|Any CPU
	EndGlobalSection
	GlobalSection(SolutionProperties) = preSolution
		HideSolutionNode = FALSE
	EndGlobalSection
	GlobalSection(ExtensibilityGlobals) = postSolution
		SolutionGuid = {AF767EA4-A057-4414-B378-C2A169D4E343}
	EndGlobalSection
EndGlobal
