
Microsoft Visual Studio Solution File, Format Version 12.00
# Visual Studio 15
VisualStudioVersion = 15.0.28307.572
MinimumVisualStudioVersion = 10.0.40219.1
Project("{FAE04EC0-301F-11D3-BF4B-00C04F79EFBC}") = "numero_54", "numero_54\numero_54.csproj", "{230FA92C-C544-4941-A15E-7FCA0D973B01}"
EndProject
Global
	GlobalSection(SolutionConfigurationPlatforms) = preSolution
		Debug|Any CPU = Debug|Any CPU
		Release|Any CPU = Release|Any CPU
	EndGlobalSection
	GlobalSection(ProjectConfigurationPlatforms) = postSolution
		{230FA92C-C544-4941-A15E-7FCA0D973B01}.Debug|Any CPU.ActiveCfg = Debug|Any CPU
		{230FA92C-C544-4941-A15E-7FCA0D973B01}.Debug|Any CPU.Build.0 = Debug|Any CPU
		{230FA92C-C544-4941-A15E-7FCA0D973B01}.Release|Any CPU.ActiveCfg = Release|Any CPU
		{230FA92C-C544-4941-A15E-7FCA0D973B01}.Release|Any CPU.Build.0 = Release|Any CPU
	EndGlobalSection
	GlobalSection(SolutionProperties) = preSolution
		HideSolutionNode = FALSE
	EndGlobalSection
	GlobalSection(ExtensibilityGlobals) = postSolution
		SolutionGuid = {9C1D337D-5674-4111-9AFF-8270B036EF68}
	EndGlobalSection
EndGlobal
