
Microsoft Visual Studio Solution File, Format Version 12.00
# Visual Studio Version 16
VisualStudioVersion = 16.0.28902.138
MinimumVisualStudioVersion = 10.0.40219.1
Project("{FAE04EC0-301F-11D3-BF4B-00C04F79EFBC}") = "Ejercicio 22", "Ejercicio 22\Ejercicio 22.csproj", "{6DE78EB9-F76D-4B76-8BA6-0CE68C8D809C}"
EndProject
Global
	GlobalSection(SolutionConfigurationPlatforms) = preSolution
		Debug|Any CPU = Debug|Any CPU
		Release|Any CPU = Release|Any CPU
	EndGlobalSection
	GlobalSection(ProjectConfigurationPlatforms) = postSolution
		{6DE78EB9-F76D-4B76-8BA6-0CE68C8D809C}.Debug|Any CPU.ActiveCfg = Debug|Any CPU
		{6DE78EB9-F76D-4B76-8BA6-0CE68C8D809C}.Debug|Any CPU.Build.0 = Debug|Any CPU
		{6DE78EB9-F76D-4B76-8BA6-0CE68C8D809C}.Release|Any CPU.ActiveCfg = Release|Any CPU
		{6DE78EB9-F76D-4B76-8BA6-0CE68C8D809C}.Release|Any CPU.Build.0 = Release|Any CPU
	EndGlobalSection
	GlobalSection(SolutionProperties) = preSolution
		HideSolutionNode = FALSE
	EndGlobalSection
	GlobalSection(ExtensibilityGlobals) = postSolution
		SolutionGuid = {0B6541D7-FC7C-4CCF-97F8-DAF798A85A12}
	EndGlobalSection
EndGlobal
