
Microsoft Visual Studio Solution File, Format Version 12.00
# Visual Studio 15
VisualStudioVersion = 15.0.28307.572
MinimumVisualStudioVersion = 10.0.40219.1
Project("{FAE04EC0-301F-11D3-BF4B-00C04F79EFBC}") = "numero_59", "numero_59\numero_59.csproj", "{A99807D2-1E01-4D25-B1A8-249D44E4DF98}"
EndProject
Global
	GlobalSection(SolutionConfigurationPlatforms) = preSolution
		Debug|Any CPU = Debug|Any CPU
		Release|Any CPU = Release|Any CPU
	EndGlobalSection
	GlobalSection(ProjectConfigurationPlatforms) = postSolution
		{A99807D2-1E01-4D25-B1A8-249D44E4DF98}.Debug|Any CPU.ActiveCfg = Debug|Any CPU
		{A99807D2-1E01-4D25-B1A8-249D44E4DF98}.Debug|Any CPU.Build.0 = Debug|Any CPU
		{A99807D2-1E01-4D25-B1A8-249D44E4DF98}.Release|Any CPU.ActiveCfg = Release|Any CPU
		{A99807D2-1E01-4D25-B1A8-249D44E4DF98}.Release|Any CPU.Build.0 = Release|Any CPU
	EndGlobalSection
	GlobalSection(SolutionProperties) = preSolution
		HideSolutionNode = FALSE
	EndGlobalSection
	GlobalSection(ExtensibilityGlobals) = postSolution
		SolutionGuid = {54D40897-C2C5-4829-861E-73889AA67AB1}
	EndGlobalSection
EndGlobal
