
Microsoft Visual Studio Solution File, Format Version 12.00
# Visual Studio 15
VisualStudioVersion = 15.0.28307.572
MinimumVisualStudioVersion = 10.0.40219.1
Project("{FAE04EC0-301F-11D3-BF4B-00C04F79EFBC}") = "numero_41", "numero_41\numero_41.csproj", "{4D08BD66-0D92-4ACA-9D93-33994092DC92}"
EndProject
Global
	GlobalSection(SolutionConfigurationPlatforms) = preSolution
		Debug|Any CPU = Debug|Any CPU
		Release|Any CPU = Release|Any CPU
	EndGlobalSection
	GlobalSection(ProjectConfigurationPlatforms) = postSolution
		{4D08BD66-0D92-4ACA-9D93-33994092DC92}.Debug|Any CPU.ActiveCfg = Debug|Any CPU
		{4D08BD66-0D92-4ACA-9D93-33994092DC92}.Debug|Any CPU.Build.0 = Debug|Any CPU
		{4D08BD66-0D92-4ACA-9D93-33994092DC92}.Release|Any CPU.ActiveCfg = Release|Any CPU
		{4D08BD66-0D92-4ACA-9D93-33994092DC92}.Release|Any CPU.Build.0 = Release|Any CPU
	EndGlobalSection
	GlobalSection(SolutionProperties) = preSolution
		HideSolutionNode = FALSE
	EndGlobalSection
	GlobalSection(ExtensibilityGlobals) = postSolution
		SolutionGuid = {AF867327-61B1-418D-BDEE-26040A5816FC}
	EndGlobalSection
EndGlobal
